schema: '2.0'
stages:
  data_collection:
    cmd: python src/data_collection.py
    deps:
    - path: src/data_collection.py
      hash: md5
      md5: 4bfefca65b61adb0897d8cc00d2da6be
      size: 1720
    params:
      params.yaml:
        data_collection.test_size: 0.2
    outs:
    - path: data/raw
      hash: md5
      md5: c0c2d65c14a603e91e029fda3c344a5c.dir
      size: 522262
      nfiles: 2
  pre_processing:
    cmd: python src/data_prep.py
    deps:
    - path: data/raw
      hash: md5
      md5: c0c2d65c14a603e91e029fda3c344a5c.dir
      size: 522262
      nfiles: 2
    - path: src/data_prep.py
      hash: md5
      md5: c5b05227d58a29a4074f8a793c3899c4
      size: 822
    outs:
    - path: data/processed
      hash: md5
      md5: 09d7d1468d5c1e6739769af7e3154438.dir
      size: 546137
      nfiles: 2
  model_building:
    cmd: python src/model_building.py
    deps:
    - path: data/processed
      hash: md5
      md5: 09d7d1468d5c1e6739769af7e3154438.dir
      size: 546137
      nfiles: 2
    - path: src/model_building.py
      hash: md5
      md5: 9954b790b7d7c8f19b1c7bba6757ce91
      size: 603
    params:
      params.yaml:
        model_building.n_estimators: 1000
    outs:
    - path: model.pkl
      hash: md5
      md5: 07566befeff151341db2d3ae1ad54ac2
      size: 73688548
  model_eval:
    cmd: python src/model_eval.py
    deps:
    - path: model.pkl
      hash: md5
      md5: 07566befeff151341db2d3ae1ad54ac2
      size: 73688548
    - path: src/model_eval.py
      hash: md5
      md5: 10f49883a5ed64f5fae0d2fd486fd917
      size: 838
    outs:
    - path: metrics.json
      hash: md5
      md5: 20efa3e9c535410b09a66c878a268db7
      size: 142
