schema: '2.0'
stages:
  data_collection:
    cmd: python src/data_collection.py
    deps:
    - path: src/data_collection.py
      hash: md5
      md5: fbace60b3f0af0b83850b8d4e02d5bb4
      size: 1722
    params:
      params.yaml:
        data_collection.test_size: 0.2
    outs:
    - path: data/raw
      hash: md5
      md5: c0c2d65c14a603e91e029fda3c344a5c.dir
      size: 522262
      nfiles: 2
  pre_processing:
    cmd: python src/data_prep.py
    deps:
    - path: data/raw
      hash: md5
      md5: c0c2d65c14a603e91e029fda3c344a5c.dir
      size: 522262
      nfiles: 2
    - path: src/data_prep.py
      hash: md5
      md5: 972976a36016a2370c4d380c2566d1c8
      size: 1601
    outs:
    - path: data/processed
      hash: md5
      md5: 09d7d1468d5c1e6739769af7e3154438.dir
      size: 546137
      nfiles: 2
  model_building:
    cmd: python src/model_building.py
    deps:
    - path: data/processed
      hash: md5
      md5: 09d7d1468d5c1e6739769af7e3154438.dir
      size: 546137
      nfiles: 2
    - path: src/model_building.py
      hash: md5
      md5: a5bc6c57d4bd54c49bf92a3aa8648377
      size: 2055
    params:
      params.yaml:
        model_building.n_estimators: 1000
    outs:
    - path: model.pkl
      hash: md5
      md5: 686907730a63304fd5af8df61ee168e3
      size: 73488388
  model_eval:
    cmd: python src/model_eval.py
    deps:
    - path: model.pkl
      hash: md5
      md5: 686907730a63304fd5af8df61ee168e3
      size: 73488388
    - path: src/model_eval.py
      hash: md5
      md5: e90c3533b654ca079b0c105a74ec581a
      size: 2274
    outs:
    - path: metrics.json
      hash: md5
      md5: 4d00485dbdb122b030b6906c503c5fcc
      size: 151
